
Microsoft Visual Studio Solution File, Format Version 12.00
# Visual Studio Version 17
VisualStudioVersion = 17.5.33414.496
MinimumVisualStudioVersion = 10.0.40219.1
Project("{FAE04EC0-301F-11D3-BF4B-00C04F79EFBC}") = "Demo", "Demo\Demo.csproj", "{8C63C728-074E-40DD-A01E-E278EDA4CCA6}"
EndProject
Project("{FAE04EC0-301F-11D3-BF4B-00C04F79EFBC}") = "ex", "ex\ex.csproj", "{885488D3-6B53-4254-AA62-807F42331E54}"
EndProject
Global
	GlobalSection(SolutionConfigurationPlatforms) = preSolution
		Debug|Any CPU = Debug|Any CPU
		Release|Any CPU = Release|Any CPU
	EndGlobalSection
	GlobalSection(ProjectConfigurationPlatforms) = postSolution
		{8C63C728-074E-40DD-A01E-E278EDA4CCA6}.Debug|Any CPU.ActiveCfg = Debug|Any CPU
		{8C63C728-074E-40DD-A01E-E278EDA4CCA6}.Debug|Any CPU.Build.0 = Debug|Any CPU
		{8C63C728-074E-40DD-A01E-E278EDA4CCA6}.Release|Any CPU.ActiveCfg = Release|Any CPU
		{8C63C728-074E-40DD-A01E-E278EDA4CCA6}.Release|Any CPU.Build.0 = Release|Any CPU
		{885488D3-6B53-4254-AA62-807F42331E54}.Debug|Any CPU.ActiveCfg = Debug|Any CPU
		{885488D3-6B53-4254-AA62-807F42331E54}.Debug|Any CPU.Build.0 = Debug|Any CPU
		{885488D3-6B53-4254-AA62-807F42331E54}.Release|Any CPU.ActiveCfg = Release|Any CPU
		{885488D3-6B53-4254-AA62-807F42331E54}.Release|Any CPU.Build.0 = Release|Any CPU
	EndGlobalSection
	GlobalSection(SolutionProperties) = preSolution
		HideSolutionNode = FALSE
	EndGlobalSection
	GlobalSection(ExtensibilityGlobals) = postSolution
		SolutionGuid = {E573A703-2F62-4BD5-B91E-A8A15BF2EE9C}
	EndGlobalSection
EndGlobal
